
Microsoft Visual Studio Solution File, Format Version 12.00
# Visual Studio Version 17
VisualStudioVersion = 17.14.36518.9
MinimumVisualStudioVersion = 10.0.40219.1
Project("{2150E333-8FDC-42A3-9474-1A3956D46DE8}") = "Task0", "Task0", "{02EA681E-C7D8-13C7-8484-4AC65E1B71E8}"
EndProject
Project("{FAE04EC0-301F-11D3-BF4B-00C04F79EFBC}") = "Tyuiu.IvanovMS.Sprint5.Task0.V3", "Tyuiu.IvanovMS.Sprint5.Task0.V3\Tyuiu.IvanovMS.Sprint5.Task0.V3.csproj", "{FB6AACC7-6E70-4121-A8F4-2FEFDFFD8125}"
EndProject
Project("{FAE04EC0-301F-11D3-BF4B-00C04F79EFBC}") = "Tyuiu.IvanovMS.Sprint5.Task0.V3.Lib", "Tyuiu.IvanovMS.Sprint5.Task0.V3.Lib\Tyuiu.IvanovMS.Sprint5.Task0.V3.Lib.csproj", "{165CC043-7CCA-42E8-AF9C-47F4B7BEB837}"
EndProject
Project("{FAE04EC0-301F-11D3-BF4B-00C04F79EFBC}") = "Tyuiu.IvanovMS.Sprint5.Task0.V3.Test", "Tyuiu.IvanovMS.Sprint5.Task0.V3.Test\Tyuiu.IvanovMS.Sprint5.Task0.V3.Test.csproj", "{26C74183-7031-4BCD-804B-94593D4FEA83}"
EndProject
Project("{2150E333-8FDC-42A3-9474-1A3956D46DE8}") = "Task1", "Task1", "{1C0165B2-70AB-4ECC-808C-B74F8F5478F0}"
EndProject
Project("{FAE04EC0-301F-11D3-BF4B-00C04F79EFBC}") = "Tyuiu.IvanovMS.Sprint5.Task1.V24", "Tyuiu.IvanovMS.Sprint5.Task1.V24\Tyuiu.IvanovMS.Sprint5.Task1.V24.csproj", "{FD896953-09A6-4D06-B8FF-BFD94D266477}"
EndProject
Project("{FAE04EC0-301F-11D3-BF4B-00C04F79EFBC}") = "Tyuiu.IvanovMS.Sprint5.Task1.V24.Lib", "Tyuiu.IvanovMS.Sprint5.Task1.V24.Lib\Tyuiu.IvanovMS.Sprint5.Task1.V24.Lib.csproj", "{431165C7-327B-4F14-B44C-3E3B6ABB2757}"
EndProject
Project("{FAE04EC0-301F-11D3-BF4B-00C04F79EFBC}") = "Tyuiu.IvanovMS.Sprint5.Task1.V24.Test", "Tyuiu.IvanovMS.Sprint5.Task1.V24.Test\Tyuiu.IvanovMS.Sprint5.Task1.V24.Test.csproj", "{5B880E0B-9514-4D2E-8378-97AC3A79C7B1}"
EndProject
Project("{2150E333-8FDC-42A3-9474-1A3956D46DE8}") = "Task2", "Task2", "{6E3C843D-9B21-453C-90FE-8AFEED2134C6}"
EndProject
Project("{FAE04EC0-301F-11D3-BF4B-00C04F79EFBC}") = "Tyuiu.IvanovMS.Sprint5.Task2.V10", "Tyuiu.IvanovMS.Sprint5.Task2.V10\Tyuiu.IvanovMS.Sprint5.Task2.V10.csproj", "{571A7783-0E94-4621-BE6B-0ECEF394A544}"
EndProject
Project("{FAE04EC0-301F-11D3-BF4B-00C04F79EFBC}") = "Tyuiu.IvanovMS.Sprint5.Task2.V10.Lib", "Tyuiu.IvanovMS.Sprint5.Task2.V10.Lib\Tyuiu.IvanovMS.Sprint5.Task2.V10.Lib.csproj", "{C6DAFAA0-74FA-4BA9-8E55-3D1EEFC428EA}"
EndProject
Project("{FAE04EC0-301F-11D3-BF4B-00C04F79EFBC}") = "Tyuiu.IvanovMS.Sprint5.Task2.V10.Test", "Tyuiu.IvanovMS.Sprint5.Task2.V10.Test\Tyuiu.IvanovMS.Sprint5.Task2.V10.Test.csproj", "{E102B360-2AFC-4F7B-B407-AA0ACF8AF4B7}"
EndProject
Project("{2150E333-8FDC-42A3-9474-1A3956D46DE8}") = "Task3", "Task3", "{36C35D1C-964B-4C5A-8CAF-18F77D1E988F}"
EndProject
Project("{FAE04EC0-301F-11D3-BF4B-00C04F79EFBC}") = "Tyuiu.IvanovMS.Sprint5.Task3.V7", "Tyuiu.IvanovMS.Sprint5.Task3.V7\Tyuiu.IvanovMS.Sprint5.Task3.V7.csproj", "{8EA8A44F-1BCC-4B3D-93F5-62B120FBB679}"
EndProject
Project("{FAE04EC0-301F-11D3-BF4B-00C04F79EFBC}") = "Tyuiu.IvanovMS.Sprint5.Task3.V7.Lib", "Tyuiu.IvanovMS.Sprint5.Task3.V7.Lib\Tyuiu.IvanovMS.Sprint5.Task3.V7.Lib.csproj", "{FA61268E-AB84-42A4-BC7F-8E9A9414FD78}"
EndProject
Project("{FAE04EC0-301F-11D3-BF4B-00C04F79EFBC}") = "Tyuiu.IvanovMS.Sprint5.Task3.V7.Test", "Tyuiu.IvanovMS.Sprint5.Task3.V7.Test\Tyuiu.IvanovMS.Sprint5.Task3.V7.Test.csproj", "{09D784E5-AC8E-4C01-885E-7C25A166B4C7}"
EndProject
Project("{2150E333-8FDC-42A3-9474-1A3956D46DE8}") = "Task4", "Task4", "{3BD0838B-6BB9-4BAC-9DB1-85D19063ABA2}"
EndProject
Project("{FAE04EC0-301F-11D3-BF4B-00C04F79EFBC}") = "Tyuiu.IvanovMS.Sprint5.Task4.V15", "Tyuiu.IvanovMS.Sprint5.Task4.V15\Tyuiu.IvanovMS.Sprint5.Task4.V15.csproj", "{AEA6FF10-E523-4C04-9CC7-1EBD3603CE01}"
EndProject
Project("{FAE04EC0-301F-11D3-BF4B-00C04F79EFBC}") = "Tyuiu.IvanovMS.Sprint5.Task4.V15.Lib", "Tyuiu.IvanovMS.Sprint5.Task4.V15.Lib\Tyuiu.IvanovMS.Sprint5.Task4.V15.Lib.csproj", "{BF5A6E32-921F-4C9E-A04B-5604E6796C52}"
EndProject
Project("{FAE04EC0-301F-11D3-BF4B-00C04F79EFBC}") = "Tyuiu.IvanovMS.Sprint5.Task4.V15.Test", "Tyuiu.IvanovMS.Sprint5.Task4.V15.Test\Tyuiu.IvanovMS.Sprint5.Task4.V15.Test.csproj", "{089541DB-2656-4C1C-B675-2A72C637FE9E}"
EndProject
Project("{2150E333-8FDC-42A3-9474-1A3956D46DE8}") = "Task5", "Task5", "{55460B89-9F02-4935-B30E-68492EE83A9E}"
EndProject
Project("{FAE04EC0-301F-11D3-BF4B-00C04F79EFBC}") = "Tyuiu.IvanovMS.Sprint5.Task5.V17", "Tyuiu.IvanovMS.Sprint5.Task5.V17\Tyuiu.IvanovMS.Sprint5.Task5.V17.csproj", "{12D15BB5-6D88-4D53-8606-138EEEA6B066}"
EndProject
Project("{FAE04EC0-301F-11D3-BF4B-00C04F79EFBC}") = "Tyuiu.IvanovMS.Sprint5.Task5.V17.Lib", "Tyuiu.IvanovMS.Sprint5.Task5.V17.Lib\Tyuiu.IvanovMS.Sprint5.Task5.V17.Lib.csproj", "{CD1A41AA-7A76-4E7A-BC2F-D27A0AC30AF7}"
EndProject
Project("{FAE04EC0-301F-11D3-BF4B-00C04F79EFBC}") = "Tyuiu.IvanovMS.Sprint5.Task5.V17.Test", "Tyuiu.IvanovMS.Sprint5.Task5.V17.Test\Tyuiu.IvanovMS.Sprint5.Task5.V17.Test.csproj", "{6474571F-B8B2-4B91-A0DE-8C019B7D3040}"
EndProject
Project("{2150E333-8FDC-42A3-9474-1A3956D46DE8}") = "Task6", "Task6", "{45D4C409-77A5-4458-8B93-F1696ECDF0C2}"
EndProject
Project("{FAE04EC0-301F-11D3-BF4B-00C04F79EFBC}") = "Tyuiu.IvanovMS.Sprint5.Task6.V28", "Tyuiu.IvanovMS.Sprint5.Task6.V28\Tyuiu.IvanovMS.Sprint5.Task6.V28.csproj", "{76D2D72B-0D60-4051-8887-0E2CE9330EDC}"
EndProject
Project("{FAE04EC0-301F-11D3-BF4B-00C04F79EFBC}") = "Tyuiu.IvanovMS.Sprint5.Task6.V28.Lib", "Tyuiu.IvanovMS.Sprint5.Task6.V28.Lib\Tyuiu.IvanovMS.Sprint5.Task6.V28.Lib.csproj", "{C873D63D-EE1E-4252-8BCF-60296784B3F5}"
EndProject
Project("{FAE04EC0-301F-11D3-BF4B-00C04F79EFBC}") = "Tyuiu.IvanovMS.Sprint5.Task6.V28.Test", "Tyuiu.IvanovMS.Sprint5.Task6.V28.Test\Tyuiu.IvanovMS.Sprint5.Task6.V28.Test.csproj", "{05321450-DF63-451A-AECD-35A9E825A0C9}"
EndProject
Global
	GlobalSection(SolutionConfigurationPlatforms) = preSolution
		Debug|Any CPU = Debug|Any CPU
		Release|Any CPU = Release|Any CPU
	EndGlobalSection
	GlobalSection(ProjectConfigurationPlatforms) = postSolution
		{FB6AACC7-6E70-4121-A8F4-2FEFDFFD8125}.Debug|Any CPU.ActiveCfg = Debug|Any CPU
		{FB6AACC7-6E70-4121-A8F4-2FEFDFFD8125}.Debug|Any CPU.Build.0 = Debug|Any CPU
		{FB6AACC7-6E70-4121-A8F4-2FEFDFFD8125}.Release|Any CPU.ActiveCfg = Release|Any CPU
		{FB6AACC7-6E70-4121-A8F4-2FEFDFFD8125}.Release|Any CPU.Build.0 = Release|Any CPU
		{165CC043-7CCA-42E8-AF9C-47F4B7BEB837}.Debug|Any CPU.ActiveCfg = Debug|Any CPU
		{165CC043-7CCA-42E8-AF9C-47F4B7BEB837}.Debug|Any CPU.Build.0 = Debug|Any CPU
		{165CC043-7CCA-42E8-AF9C-47F4B7BEB837}.Release|Any CPU.ActiveCfg = Release|Any CPU
		{165CC043-7CCA-42E8-AF9C-47F4B7BEB837}.Release|Any CPU.Build.0 = Release|Any CPU
		{26C74183-7031-4BCD-804B-94593D4FEA83}.Debug|Any CPU.ActiveCfg = Debug|Any CPU
		{26C74183-7031-4BCD-804B-94593D4FEA83}.Debug|Any CPU.Build.0 = Debug|Any CPU
		{26C74183-7031-4BCD-804B-94593D4FEA83}.Release|Any CPU.ActiveCfg = Release|Any CPU
		{26C74183-7031-4BCD-804B-94593D4FEA83}.Release|Any CPU.Build.0 = Release|Any CPU
		{FD896953-09A6-4D06-B8FF-BFD94D266477}.Debug|Any CPU.ActiveCfg = Debug|Any CPU
		{FD896953-09A6-4D06-B8FF-BFD94D266477}.Debug|Any CPU.Build.0 = Debug|Any CPU
		{FD896953-09A6-4D06-B8FF-BFD94D266477}.Release|Any CPU.ActiveCfg = Release|Any CPU
		{FD896953-09A6-4D06-B8FF-BFD94D266477}.Release|Any CPU.Build.0 = Release|Any CPU
		{431165C7-327B-4F14-B44C-3E3B6ABB2757}.Debug|Any CPU.ActiveCfg = Debug|Any CPU
		{431165C7-327B-4F14-B44C-3E3B6ABB2757}.Debug|Any CPU.Build.0 = Debug|Any CPU
		{431165C7-327B-4F14-B44C-3E3B6ABB2757}.Release|Any CPU.ActiveCfg = Release|Any CPU
		{431165C7-327B-4F14-B44C-3E3B6ABB2757}.Release|Any CPU.Build.0 = Release|Any CPU
		{5B880E0B-9514-4D2E-8378-97AC3A79C7B1}.Debug|Any CPU.ActiveCfg = Debug|Any CPU
		{5B880E0B-9514-4D2E-8378-97AC3A79C7B1}.Debug|Any CPU.Build.0 = Debug|Any CPU
		{5B880E0B-9514-4D2E-8378-97AC3A79C7B1}.Release|Any CPU.ActiveCfg = Release|Any CPU
		{5B880E0B-9514-4D2E-8378-97AC3A79C7B1}.Release|Any CPU.Build.0 = Release|Any CPU
		{571A7783-0E94-4621-BE6B-0ECEF394A544}.Debug|Any CPU.ActiveCfg = Debug|Any CPU
		{571A7783-0E94-4621-BE6B-0ECEF394A544}.Debug|Any CPU.Build.0 = Debug|Any CPU
		{571A7783-0E94-4621-BE6B-0ECEF394A544}.Release|Any CPU.ActiveCfg = Release|Any CPU
		{571A7783-0E94-4621-BE6B-0ECEF394A544}.Release|Any CPU.Build.0 = Release|Any CPU
		{C6DAFAA0-74FA-4BA9-8E55-3D1EEFC428EA}.Debug|Any CPU.ActiveCfg = Debug|Any CPU
		{C6DAFAA0-74FA-4BA9-8E55-3D1EEFC428EA}.Debug|Any CPU.Build.0 = Debug|Any CPU
		{C6DAFAA0-74FA-4BA9-8E55-3D1EEFC428EA}.Release|Any CPU.ActiveCfg = Release|Any CPU
		{C6DAFAA0-74FA-4BA9-8E55-3D1EEFC428EA}.Release|Any CPU.Build.0 = Release|Any CPU
		{E102B360-2AFC-4F7B-B407-AA0ACF8AF4B7}.Debug|Any CPU.ActiveCfg = Debug|Any CPU
		{E102B360-2AFC-4F7B-B407-AA0ACF8AF4B7}.Debug|Any CPU.Build.0 = Debug|Any CPU
		{E102B360-2AFC-4F7B-B407-AA0ACF8AF4B7}.Release|Any CPU.ActiveCfg = Release|Any CPU
		{E102B360-2AFC-4F7B-B407-AA0ACF8AF4B7}.Release|Any CPU.Build.0 = Release|Any CPU
		{8EA8A44F-1BCC-4B3D-93F5-62B120FBB679}.Debug|Any CPU.ActiveCfg = Debug|Any CPU
		{8EA8A44F-1BCC-4B3D-93F5-62B120FBB679}.Debug|Any CPU.Build.0 = Debug|Any CPU
		{8EA8A44F-1BCC-4B3D-93F5-62B120FBB679}.Release|Any CPU.ActiveCfg = Release|Any CPU
		{8EA8A44F-1BCC-4B3D-93F5-62B120FBB679}.Release|Any CPU.Build.0 = Release|Any CPU
		{FA61268E-AB84-42A4-BC7F-8E9A9414FD78}.Debug|Any CPU.ActiveCfg = Debug|Any CPU
		{FA61268E-AB84-42A4-BC7F-8E9A9414FD78}.Debug|Any CPU.Build.0 = Debug|Any CPU
		{FA61268E-AB84-42A4-BC7F-8E9A9414FD78}.Release|Any CPU.ActiveCfg = Release|Any CPU
		{FA61268E-AB84-42A4-BC7F-8E9A9414FD78}.Release|Any CPU.Build.0 = Release|Any CPU
		{09D784E5-AC8E-4C01-885E-7C25A166B4C7}.Debug|Any CPU.ActiveCfg = Debug|Any CPU
		{09D784E5-AC8E-4C01-885E-7C25A166B4C7}.Debug|Any CPU.Build.0 = Debug|Any CPU
		{09D784E5-AC8E-4C01-885E-7C25A166B4C7}.Release|Any CPU.ActiveCfg = Release|Any CPU
		{09D784E5-AC8E-4C01-885E-7C25A166B4C7}.Release|Any CPU.Build.0 = Release|Any CPU
		{AEA6FF10-E523-4C04-9CC7-1EBD3603CE01}.Debug|Any CPU.ActiveCfg = Debug|Any CPU
		{AEA6FF10-E523-4C04-9CC7-1EBD3603CE01}.Debug|Any CPU.Build.0 = Debug|Any CPU
		{AEA6FF10-E523-4C04-9CC7-1EBD3603CE01}.Release|Any CPU.ActiveCfg = Release|Any CPU
		{AEA6FF10-E523-4C04-9CC7-1EBD3603CE01}.Release|Any CPU.Build.0 = Release|Any CPU
		{BF5A6E32-921F-4C9E-A04B-5604E6796C52}.Debug|Any CPU.ActiveCfg = Debug|Any CPU
		{BF5A6E32-921F-4C9E-A04B-5604E6796C52}.Debug|Any CPU.Build.0 = Debug|Any CPU
		{BF5A6E32-921F-4C9E-A04B-5604E6796C52}.Release|Any CPU.ActiveCfg = Release|Any CPU
		{BF5A6E32-921F-4C9E-A04B-5604E6796C52}.Release|Any CPU.Build.0 = Release|Any CPU
		{089541DB-2656-4C1C-B675-2A72C637FE9E}.Debug|Any CPU.ActiveCfg = Debug|Any CPU
		{089541DB-2656-4C1C-B675-2A72C637FE9E}.Debug|Any CPU.Build.0 = Debug|Any CPU
		{089541DB-2656-4C1C-B675-2A72C637FE9E}.Release|Any CPU.ActiveCfg = Release|Any CPU
		{089541DB-2656-4C1C-B675-2A72C637FE9E}.Release|Any CPU.Build.0 = Release|Any CPU
		{12D15BB5-6D88-4D53-8606-138EEEA6B066}.Debug|Any CPU.ActiveCfg = Debug|Any CPU
		{12D15BB5-6D88-4D53-8606-138EEEA6B066}.Debug|Any CPU.Build.0 = Debug|Any CPU
		{12D15BB5-6D88-4D53-8606-138EEEA6B066}.Release|Any CPU.ActiveCfg = Release|Any CPU
		{12D15BB5-6D88-4D53-8606-138EEEA6B066}.Release|Any CPU.Build.0 = Release|Any CPU
		{CD1A41AA-7A76-4E7A-BC2F-D27A0AC30AF7}.Debug|Any CPU.ActiveCfg = Debug|Any CPU
		{CD1A41AA-7A76-4E7A-BC2F-D27A0AC30AF7}.Debug|Any CPU.Build.0 = Debug|Any CPU
		{CD1A41AA-7A76-4E7A-BC2F-D27A0AC30AF7}.Release|Any CPU.ActiveCfg = Release|Any CPU
		{CD1A41AA-7A76-4E7A-BC2F-D27A0AC30AF7}.Release|Any CPU.Build.0 = Release|Any CPU
		{6474571F-B8B2-4B91-A0DE-8C019B7D3040}.Debug|Any CPU.ActiveCfg = Debug|Any CPU
		{6474571F-B8B2-4B91-A0DE-8C019B7D3040}.Debug|Any CPU.Build.0 = Debug|Any CPU
		{6474571F-B8B2-4B91-A0DE-8C019B7D3040}.Release|Any CPU.ActiveCfg = Release|Any CPU
		{6474571F-B8B2-4B91-A0DE-8C019B7D3040}.Release|Any CPU.Build.0 = Release|Any CPU
		{76D2D72B-0D60-4051-8887-0E2CE9330EDC}.Debug|Any CPU.ActiveCfg = Debug|Any CPU
		{76D2D72B-0D60-4051-8887-0E2CE9330EDC}.Debug|Any CPU.Build.0 = Debug|Any CPU
		{76D2D72B-0D60-4051-8887-0E2CE9330EDC}.Release|Any CPU.ActiveCfg = Release|Any CPU
		{76D2D72B-0D60-4051-8887-0E2CE9330EDC}.Release|Any CPU.Build.0 = Release|Any CPU
		{C873D63D-EE1E-4252-8BCF-60296784B3F5}.Debug|Any CPU.ActiveCfg = Debug|Any CPU
		{C873D63D-EE1E-4252-8BCF-60296784B3F5}.Debug|Any CPU.Build.0 = Debug|Any CPU
		{C873D63D-EE1E-4252-8BCF-60296784B3F5}.Release|Any CPU.ActiveCfg = Release|Any CPU
		{C873D63D-EE1E-4252-8BCF-60296784B3F5}.Release|Any CPU.Build.0 = Release|Any CPU
		{05321450-DF63-451A-AECD-35A9E825A0C9}.Debug|Any CPU.ActiveCfg = Debug|Any CPU
		{05321450-DF63-451A-AECD-35A9E825A0C9}.Debug|Any CPU.Build.0 = Debug|Any CPU
		{05321450-DF63-451A-AECD-35A9E825A0C9}.Release|Any CPU.ActiveCfg = Release|Any CPU
		{05321450-DF63-451A-AECD-35A9E825A0C9}.Release|Any CPU.Build.0 = Release|Any CPU
	EndGlobalSection
	GlobalSection(SolutionProperties) = preSolution
		HideSolutionNode = FALSE
	EndGlobalSection
	GlobalSection(NestedProjects) = preSolution
		{FB6AACC7-6E70-4121-A8F4-2FEFDFFD8125} = {02EA681E-C7D8-13C7-8484-4AC65E1B71E8}
		{165CC043-7CCA-42E8-AF9C-47F4B7BEB837} = {02EA681E-C7D8-13C7-8484-4AC65E1B71E8}
		{26C74183-7031-4BCD-804B-94593D4FEA83} = {02EA681E-C7D8-13C7-8484-4AC65E1B71E8}
		{FD896953-09A6-4D06-B8FF-BFD94D266477} = {1C0165B2-70AB-4ECC-808C-B74F8F5478F0}
		{431165C7-327B-4F14-B44C-3E3B6ABB2757} = {1C0165B2-70AB-4ECC-808C-B74F8F5478F0}
		{5B880E0B-9514-4D2E-8378-97AC3A79C7B1} = {1C0165B2-70AB-4ECC-808C-B74F8F5478F0}
		{571A7783-0E94-4621-BE6B-0ECEF394A544} = {6E3C843D-9B21-453C-90FE-8AFEED2134C6}
		{C6DAFAA0-74FA-4BA9-8E55-3D1EEFC428EA} = {6E3C843D-9B21-453C-90FE-8AFEED2134C6}
		{E102B360-2AFC-4F7B-B407-AA0ACF8AF4B7} = {6E3C843D-9B21-453C-90FE-8AFEED2134C6}
		{8EA8A44F-1BCC-4B3D-93F5-62B120FBB679} = {36C35D1C-964B-4C5A-8CAF-18F77D1E988F}
		{FA61268E-AB84-42A4-BC7F-8E9A9414FD78} = {36C35D1C-964B-4C5A-8CAF-18F77D1E988F}
		{09D784E5-AC8E-4C01-885E-7C25A166B4C7} = {36C35D1C-964B-4C5A-8CAF-18F77D1E988F}
		{AEA6FF10-E523-4C04-9CC7-1EBD3603CE01} = {3BD0838B-6BB9-4BAC-9DB1-85D19063ABA2}
		{BF5A6E32-921F-4C9E-A04B-5604E6796C52} = {3BD0838B-6BB9-4BAC-9DB1-85D19063ABA2}
		{089541DB-2656-4C1C-B675-2A72C637FE9E} = {3BD0838B-6BB9-4BAC-9DB1-85D19063ABA2}
		{12D15BB5-6D88-4D53-8606-138EEEA6B066} = {55460B89-9F02-4935-B30E-68492EE83A9E}
		{CD1A41AA-7A76-4E7A-BC2F-D27A0AC30AF7} = {55460B89-9F02-4935-B30E-68492EE83A9E}
		{6474571F-B8B2-4B91-A0DE-8C019B7D3040} = {55460B89-9F02-4935-B30E-68492EE83A9E}
		{76D2D72B-0D60-4051-8887-0E2CE9330EDC} = {45D4C409-77A5-4458-8B93-F1696ECDF0C2}
		{C873D63D-EE1E-4252-8BCF-60296784B3F5} = {45D4C409-77A5-4458-8B93-F1696ECDF0C2}
		{05321450-DF63-451A-AECD-35A9E825A0C9} = {45D4C409-77A5-4458-8B93-F1696ECDF0C2}
	EndGlobalSection
	GlobalSection(ExtensibilityGlobals) = postSolution
		SolutionGuid = {ED46B025-66E4-42D0-9FC2-B22829EAEAFE}
	EndGlobalSection
EndGlobal
