
Microsoft Visual Studio Solution File, Format Version 12.00
# Visual Studio Version 17
VisualStudioVersion = 17.14.36518.9 d17.14
MinimumVisualStudioVersion = 10.0.40219.1
Project("{2150E333-8FDC-42A3-9474-1A3956D46DE8}") = "Task0", "Task0", "{02EA681E-C7D8-13C7-8484-4AC65E1B71E8}"
EndProject
Project("{FAE04EC0-301F-11D3-BF4B-00C04F79EFBC}") = "Tyuiu.IvanovMS.Sprint5.Task0.V3", "Tyuiu.IvanovMS.Sprint5.Task0.V3\Tyuiu.IvanovMS.Sprint5.Task0.V3.csproj", "{FB6AACC7-6E70-4121-A8F4-2FEFDFFD8125}"
EndProject
Project("{FAE04EC0-301F-11D3-BF4B-00C04F79EFBC}") = "Tyuiu.IvanovMS.Sprint5.Task0.V3.Lib", "Tyuiu.IvanovMS.Sprint5.Task0.V3.Lib\Tyuiu.IvanovMS.Sprint5.Task0.V3.Lib.csproj", "{165CC043-7CCA-42E8-AF9C-47F4B7BEB837}"
EndProject
Project("{FAE04EC0-301F-11D3-BF4B-00C04F79EFBC}") = "Tyuiu.IvanovMS.Sprint5.Task0.V3.Test", "Tyuiu.IvanovMS.Sprint5.Task0.V3.Test\Tyuiu.IvanovMS.Sprint5.Task0.V3.Test.csproj", "{26C74183-7031-4BCD-804B-94593D4FEA83}"
EndProject
Project("{2150E333-8FDC-42A3-9474-1A3956D46DE8}") = "Task1", "Task1", "{1C0165B2-70AB-4ECC-808C-B74F8F5478F0}"
EndProject
Project("{FAE04EC0-301F-11D3-BF4B-00C04F79EFBC}") = "Tyuiu.IvanovMS.Sprint5.Task1.V24", "Tyuiu.IvanovMS.Sprint5.Task1.V24\Tyuiu.IvanovMS.Sprint5.Task1.V24.csproj", "{FD896953-09A6-4D06-B8FF-BFD94D266477}"
EndProject
Project("{FAE04EC0-301F-11D3-BF4B-00C04F79EFBC}") = "Tyuiu.IvanovMS.Sprint5.Task1.V24.Lib", "Tyuiu.IvanovMS.Sprint5.Task1.V24.Lib\Tyuiu.IvanovMS.Sprint5.Task1.V24.Lib.csproj", "{431165C7-327B-4F14-B44C-3E3B6ABB2757}"
EndProject
Project("{FAE04EC0-301F-11D3-BF4B-00C04F79EFBC}") = "Tyuiu.IvanovMS.Sprint5.Task1.V24.Test", "Tyuiu.IvanovMS.Sprint5.Task1.V24.Test\Tyuiu.IvanovMS.Sprint5.Task1.V24.Test.csproj", "{5B880E0B-9514-4D2E-8378-97AC3A79C7B1}"
EndProject
Project("{2150E333-8FDC-42A3-9474-1A3956D46DE8}") = "Task2", "Task2", "{6E3C843D-9B21-453C-90FE-8AFEED2134C6}"
EndProject
Project("{FAE04EC0-301F-11D3-BF4B-00C04F79EFBC}") = "Tyuiu.IvanovMS.Sprint5.Task2.V10", "Tyuiu.IvanovMS.Sprint5.Task2.V10\Tyuiu.IvanovMS.Sprint5.Task2.V10.csproj", "{571A7783-0E94-4621-BE6B-0ECEF394A544}"
EndProject
Project("{FAE04EC0-301F-11D3-BF4B-00C04F79EFBC}") = "Tyuiu.IvanovMS.Sprint5.Task2.V10.Lib", "Tyuiu.IvanovMS.Sprint5.Task2.V10.Lib\Tyuiu.IvanovMS.Sprint5.Task2.V10.Lib.csproj", "{C6DAFAA0-74FA-4BA9-8E55-3D1EEFC428EA}"
EndProject
Project("{FAE04EC0-301F-11D3-BF4B-00C04F79EFBC}") = "Tyuiu.IvanovMS.Sprint5.Task2.V10.Test", "Tyuiu.IvanovMS.Sprint5.Task2.V10.Test\Tyuiu.IvanovMS.Sprint5.Task2.V10.Test.csproj", "{E102B360-2AFC-4F7B-B407-AA0ACF8AF4B7}"
EndProject
Global
	GlobalSection(SolutionConfigurationPlatforms) = preSolution
		Debug|Any CPU = Debug|Any CPU
		Release|Any CPU = Release|Any CPU
	EndGlobalSection
	GlobalSection(ProjectConfigurationPlatforms) = postSolution
		{FB6AACC7-6E70-4121-A8F4-2FEFDFFD8125}.Debug|Any CPU.ActiveCfg = Debug|Any CPU
		{FB6AACC7-6E70-4121-A8F4-2FEFDFFD8125}.Debug|Any CPU.Build.0 = Debug|Any CPU
		{FB6AACC7-6E70-4121-A8F4-2FEFDFFD8125}.Release|Any CPU.ActiveCfg = Release|Any CPU
		{FB6AACC7-6E70-4121-A8F4-2FEFDFFD8125}.Release|Any CPU.Build.0 = Release|Any CPU
		{165CC043-7CCA-42E8-AF9C-47F4B7BEB837}.Debug|Any CPU.ActiveCfg = Debug|Any CPU
		{165CC043-7CCA-42E8-AF9C-47F4B7BEB837}.Debug|Any CPU.Build.0 = Debug|Any CPU
		{165CC043-7CCA-42E8-AF9C-47F4B7BEB837}.Release|Any CPU.ActiveCfg = Release|Any CPU
		{165CC043-7CCA-42E8-AF9C-47F4B7BEB837}.Release|Any CPU.Build.0 = Release|Any CPU
		{26C74183-7031-4BCD-804B-94593D4FEA83}.Debug|Any CPU.ActiveCfg = Debug|Any CPU
		{26C74183-7031-4BCD-804B-94593D4FEA83}.Debug|Any CPU.Build.0 = Debug|Any CPU
		{26C74183-7031-4BCD-804B-94593D4FEA83}.Release|Any CPU.ActiveCfg = Release|Any CPU
		{26C74183-7031-4BCD-804B-94593D4FEA83}.Release|Any CPU.Build.0 = Release|Any CPU
		{FD896953-09A6-4D06-B8FF-BFD94D266477}.Debug|Any CPU.ActiveCfg = Debug|Any CPU
		{FD896953-09A6-4D06-B8FF-BFD94D266477}.Debug|Any CPU.Build.0 = Debug|Any CPU
		{FD896953-09A6-4D06-B8FF-BFD94D266477}.Release|Any CPU.ActiveCfg = Release|Any CPU
		{FD896953-09A6-4D06-B8FF-BFD94D266477}.Release|Any CPU.Build.0 = Release|Any CPU
		{431165C7-327B-4F14-B44C-3E3B6ABB2757}.Debug|Any CPU.ActiveCfg = Debug|Any CPU
		{431165C7-327B-4F14-B44C-3E3B6ABB2757}.Debug|Any CPU.Build.0 = Debug|Any CPU
		{431165C7-327B-4F14-B44C-3E3B6ABB2757}.Release|Any CPU.ActiveCfg = Release|Any CPU
		{431165C7-327B-4F14-B44C-3E3B6ABB2757}.Release|Any CPU.Build.0 = Release|Any CPU
		{5B880E0B-9514-4D2E-8378-97AC3A79C7B1}.Debug|Any CPU.ActiveCfg = Debug|Any CPU
		{5B880E0B-9514-4D2E-8378-97AC3A79C7B1}.Debug|Any CPU.Build.0 = Debug|Any CPU
		{5B880E0B-9514-4D2E-8378-97AC3A79C7B1}.Release|Any CPU.ActiveCfg = Release|Any CPU
		{5B880E0B-9514-4D2E-8378-97AC3A79C7B1}.Release|Any CPU.Build.0 = Release|Any CPU
		{571A7783-0E94-4621-BE6B-0ECEF394A544}.Debug|Any CPU.ActiveCfg = Debug|Any CPU
		{571A7783-0E94-4621-BE6B-0ECEF394A544}.Debug|Any CPU.Build.0 = Debug|Any CPU
		{571A7783-0E94-4621-BE6B-0ECEF394A544}.Release|Any CPU.ActiveCfg = Release|Any CPU
		{571A7783-0E94-4621-BE6B-0ECEF394A544}.Release|Any CPU.Build.0 = Release|Any CPU
		{C6DAFAA0-74FA-4BA9-8E55-3D1EEFC428EA}.Debug|Any CPU.ActiveCfg = Debug|Any CPU
		{C6DAFAA0-74FA-4BA9-8E55-3D1EEFC428EA}.Debug|Any CPU.Build.0 = Debug|Any CPU
		{C6DAFAA0-74FA-4BA9-8E55-3D1EEFC428EA}.Release|Any CPU.ActiveCfg = Release|Any CPU
		{C6DAFAA0-74FA-4BA9-8E55-3D1EEFC428EA}.Release|Any CPU.Build.0 = Release|Any CPU
		{E102B360-2AFC-4F7B-B407-AA0ACF8AF4B7}.Debug|Any CPU.ActiveCfg = Debug|Any CPU
		{E102B360-2AFC-4F7B-B407-AA0ACF8AF4B7}.Debug|Any CPU.Build.0 = Debug|Any CPU
		{E102B360-2AFC-4F7B-B407-AA0ACF8AF4B7}.Release|Any CPU.ActiveCfg = Release|Any CPU
		{E102B360-2AFC-4F7B-B407-AA0ACF8AF4B7}.Release|Any CPU.Build.0 = Release|Any CPU
	EndGlobalSection
	GlobalSection(SolutionProperties) = preSolution
		HideSolutionNode = FALSE
	EndGlobalSection
	GlobalSection(NestedProjects) = preSolution
		{FB6AACC7-6E70-4121-A8F4-2FEFDFFD8125} = {02EA681E-C7D8-13C7-8484-4AC65E1B71E8}
		{165CC043-7CCA-42E8-AF9C-47F4B7BEB837} = {02EA681E-C7D8-13C7-8484-4AC65E1B71E8}
		{26C74183-7031-4BCD-804B-94593D4FEA83} = {02EA681E-C7D8-13C7-8484-4AC65E1B71E8}
		{FD896953-09A6-4D06-B8FF-BFD94D266477} = {1C0165B2-70AB-4ECC-808C-B74F8F5478F0}
		{431165C7-327B-4F14-B44C-3E3B6ABB2757} = {1C0165B2-70AB-4ECC-808C-B74F8F5478F0}
		{5B880E0B-9514-4D2E-8378-97AC3A79C7B1} = {1C0165B2-70AB-4ECC-808C-B74F8F5478F0}
		{571A7783-0E94-4621-BE6B-0ECEF394A544} = {6E3C843D-9B21-453C-90FE-8AFEED2134C6}
		{C6DAFAA0-74FA-4BA9-8E55-3D1EEFC428EA} = {6E3C843D-9B21-453C-90FE-8AFEED2134C6}
		{E102B360-2AFC-4F7B-B407-AA0ACF8AF4B7} = {6E3C843D-9B21-453C-90FE-8AFEED2134C6}
	EndGlobalSection
	GlobalSection(ExtensibilityGlobals) = postSolution
		SolutionGuid = {ED46B025-66E4-42D0-9FC2-B22829EAEAFE}
	EndGlobalSection
EndGlobal
